
Microsoft Visual Studio Solution File, Format Version 12.00
# Visual Studio Version 16
VisualStudioVersion = 16.0.29911.84
MinimumVisualStudioVersion = 10.0.40219.1
Project("{9A19103F-16F7-4668-BE54-9A1E7A4F7556}") = "AnimateSprites", "AnimateSprites\AnimateSprites.csproj", "{1454914B-974F-4A6A-B615-702CC704D1EA}"
EndProject
Project("{FAE04EC0-301F-11D3-BF4B-00C04F79EFBC}") = "TestApp", "SpriteWorld\TestApp.csproj", "{F2A90A07-7656-438D-9FF6-D2B2C97DFCFB}"
EndProject
Project("{FAE04EC0-301F-11D3-BF4B-00C04F79EFBC}") = "SpriteCanvas", "SpriteWorld\SpriteCanvas\SpriteCanvas.csproj", "{2E76EE7A-85C6-40CE-9CF6-EAC7026FC3C1}"
EndProject
Project("{FAE04EC0-301F-11D3-BF4B-00C04F79EFBC}") = "SpriteWorld", "SpriteWorld\SpriteWorld\SpriteWorld.csproj", "{A4C46C30-912E-4FBB-A1DC-C847158A9AEE}"
EndProject
Project("{FAE04EC0-301F-11D3-BF4B-00C04F79EFBC}") = "AsyncDialog", "AsyncDialog\AsyncDialog.csproj", "{959C67C3-D676-42E0-A462-BC99D0F9FF55}"
EndProject
Global
	GlobalSection(SolutionConfigurationPlatforms) = preSolution
		Debug|Any CPU = Debug|Any CPU
		Release|Any CPU = Release|Any CPU
	EndGlobalSection
	GlobalSection(ProjectConfigurationPlatforms) = postSolution
		{1454914B-974F-4A6A-B615-702CC704D1EA}.Debug|Any CPU.ActiveCfg = Debug|Any CPU
		{1454914B-974F-4A6A-B615-702CC704D1EA}.Debug|Any CPU.Build.0 = Debug|Any CPU
		{1454914B-974F-4A6A-B615-702CC704D1EA}.Release|Any CPU.ActiveCfg = Release|Any CPU
		{1454914B-974F-4A6A-B615-702CC704D1EA}.Release|Any CPU.Build.0 = Release|Any CPU
		{F2A90A07-7656-438D-9FF6-D2B2C97DFCFB}.Debug|Any CPU.ActiveCfg = Debug|Any CPU
		{F2A90A07-7656-438D-9FF6-D2B2C97DFCFB}.Debug|Any CPU.Build.0 = Debug|Any CPU
		{F2A90A07-7656-438D-9FF6-D2B2C97DFCFB}.Release|Any CPU.ActiveCfg = Release|Any CPU
		{F2A90A07-7656-438D-9FF6-D2B2C97DFCFB}.Release|Any CPU.Build.0 = Release|Any CPU
		{2E76EE7A-85C6-40CE-9CF6-EAC7026FC3C1}.Debug|Any CPU.ActiveCfg = Debug|Any CPU
		{2E76EE7A-85C6-40CE-9CF6-EAC7026FC3C1}.Debug|Any CPU.Build.0 = Debug|Any CPU
		{2E76EE7A-85C6-40CE-9CF6-EAC7026FC3C1}.Release|Any CPU.ActiveCfg = Release|Any CPU
		{2E76EE7A-85C6-40CE-9CF6-EAC7026FC3C1}.Release|Any CPU.Build.0 = Release|Any CPU
		{A4C46C30-912E-4FBB-A1DC-C847158A9AEE}.Debug|Any CPU.ActiveCfg = Debug|Any CPU
		{A4C46C30-912E-4FBB-A1DC-C847158A9AEE}.Debug|Any CPU.Build.0 = Debug|Any CPU
		{A4C46C30-912E-4FBB-A1DC-C847158A9AEE}.Release|Any CPU.ActiveCfg = Release|Any CPU
		{A4C46C30-912E-4FBB-A1DC-C847158A9AEE}.Release|Any CPU.Build.0 = Release|Any CPU
		{959C67C3-D676-42E0-A462-BC99D0F9FF55}.Debug|Any CPU.ActiveCfg = Debug|Any CPU
		{959C67C3-D676-42E0-A462-BC99D0F9FF55}.Debug|Any CPU.Build.0 = Debug|Any CPU
		{959C67C3-D676-42E0-A462-BC99D0F9FF55}.Release|Any CPU.ActiveCfg = Release|Any CPU
		{959C67C3-D676-42E0-A462-BC99D0F9FF55}.Release|Any CPU.Build.0 = Release|Any CPU
	EndGlobalSection
	GlobalSection(SolutionProperties) = preSolution
		HideSolutionNode = FALSE
	EndGlobalSection
	GlobalSection(ExtensibilityGlobals) = postSolution
		SolutionGuid = {C4432F7D-0004-4B96-BEC1-F91FD5B76622}
	EndGlobalSection
EndGlobal
