
Microsoft Visual Studio Solution File, Format Version 12.00
# Visual Studio 2013
VisualStudioVersion = 12.0.21005.1
MinimumVisualStudioVersion = 10.0.40219.1
Project("{FAE04EC0-301F-11D3-BF4B-00C04F79EFBC}") = "DumpFileViewer", "DumpFileViewer\DumpFileViewer.csproj", "{F4B9628C-6FA8-45E9-9DA8-6F7DAF9D1251}"
EndProject
Project("{FAE04EC0-301F-11D3-BF4B-00C04F79EFBC}") = "DumpFileLib", "..\DumpFileLib\DumpFileLib\DumpFileLib.csproj", "{D95736A3-64FF-4943-A221-79D6F4917D3B}"
EndProject
Global
	GlobalSection(SolutionConfigurationPlatforms) = preSolution
		Debug|Any CPU = Debug|Any CPU
		Release|Any CPU = Release|Any CPU
	EndGlobalSection
	GlobalSection(ProjectConfigurationPlatforms) = postSolution
		{F4B9628C-6FA8-45E9-9DA8-6F7DAF9D1251}.Debug|Any CPU.ActiveCfg = Debug|Any CPU
		{F4B9628C-6FA8-45E9-9DA8-6F7DAF9D1251}.Debug|Any CPU.Build.0 = Debug|Any CPU
		{F4B9628C-6FA8-45E9-9DA8-6F7DAF9D1251}.Release|Any CPU.ActiveCfg = Release|Any CPU
		{F4B9628C-6FA8-45E9-9DA8-6F7DAF9D1251}.Release|Any CPU.Build.0 = Release|Any CPU
		{D95736A3-64FF-4943-A221-79D6F4917D3B}.Debug|Any CPU.ActiveCfg = Debug|Any CPU
		{D95736A3-64FF-4943-A221-79D6F4917D3B}.Debug|Any CPU.Build.0 = Debug|Any CPU
		{D95736A3-64FF-4943-A221-79D6F4917D3B}.Release|Any CPU.ActiveCfg = Release|Any CPU
		{D95736A3-64FF-4943-A221-79D6F4917D3B}.Release|Any CPU.Build.0 = Release|Any CPU
	EndGlobalSection
	GlobalSection(SolutionProperties) = preSolution
		HideSolutionNode = FALSE
	EndGlobalSection
EndGlobal
